[[package]]
category = "dev"
description = "Fast and simple WSGI-framework for small web-applications."
name = "bottle"
optional = false
python-versions = "*"
version = "0.12.16"

[[package]]
category = "dev"
description = "Python package for providing Mozilla's CA Bundle."
name = "certifi"
optional = false
python-versions = "*"
version = "2019.3.9"

[[package]]
category = "dev"
description = "Universal encoding detector for Python 2 and 3"
name = "chardet"
optional = false
python-versions = "*"
version = "3.0.4"

[[package]]
category = "dev"
description = "A simple wrapper around optparse for powerful command line utilities."
name = "click"
optional = false
python-versions = "*"
version = "5.1"

[[package]]
category = "dev"
description = "Cross-platform colored terminal text."
name = "colorama"
optional = false
python-versions = ">=2.7, !=3.0.*, !=3.1.*, !=3.2.*, !=3.3.*"
version = "0.4.1"

[[package]]
category = "dev"
description = "Internationalized Domain Names in Applications (IDNA)"
name = "idna"
optional = false
python-versions = ">=2.7, !=3.0.*, !=3.1.*, !=3.2.*, !=3.3.*"
version = "2.8"

[[package]]
category = "dev"
description = "An open source ecosystem for IoT development. Cross-platform IDE and unified debugger. Remote unit testing and firmware updates. Arduino, ARM mbed, Espressif (ESP8266/ESP32), STM32, PIC32, nRF51/nRF52, FPGA, CMSIS, SPL, AVR, Samsung ARTIK, libOpenCM3"
name = "platformio"
optional = false
python-versions = ">=2.7, <3"
version = "3.6.7"

[package.dependencies]
bottle = "<0.13"
click = ">=5,<6"
colorama = "*"
pyserial = ">=3,<3.3 || >3.3,<4"
requests = ">=2.4.0,<3"
semantic-version = ">=2.5.0,<3"

[[package]]
category = "dev"
description = "Python Serial Port Extension"
name = "pyserial"
optional = false
python-versions = "*"
version = "3.4"

[[package]]
category = "dev"
description = "Python HTTP for Humans."
name = "requests"
optional = false
python-versions = ">=2.7, !=3.0.*, !=3.1.*, !=3.2.*, !=3.3.*, !=3.4.*"
version = "2.22.0"

[package.dependencies]
certifi = ">=2017.4.17"
chardet = ">=3.0.2,<3.1.0"
idna = ">=2.5,<2.9"
urllib3 = ">=1.21.1,<1.25.0 || >1.25.0,<1.25.1 || >1.25.1,<1.26"

[[package]]
category = "dev"
description = "A library implementing the 'SemVer' scheme."
name = "semantic-version"
optional = false
python-versions = "*"
version = "2.6.0"

[[package]]
category = "dev"
description = "HTTP library with thread-safe connection pooling, file post, and more."
name = "urllib3"
optional = false
python-versions = ">=2.7, !=3.0.*, !=3.1.*, !=3.2.*, !=3.3.*, <4"
version = "1.25.3"

[metadata]
content-hash = "869a02559252657df9def6234cea877af44597d0e174f38f56eb2af00bbec407"
python-versions = "^2.7"

[metadata.hashes]
bottle = ["9c310da61e7df2b6ac257d8a90811899ccb3a9743e77e947101072a2e3186726", "ca43beafbdccabbe31b758a4f34d1e44985a9b9539516775208b2b0f903eafa0"]
certifi = ["59b7658e26ca9c7339e00f8f4636cdfe59d34fa37b9b04f6f9e9926b3cece1a5", "b26104d6835d1f5e49452a26eb2ff87fe7090b89dfcaee5ea2212697e1e1d7ae"]
chardet = ["84ab92ed1c4d4f16916e05906b6b75a6c0fb5db821cc65e70cbd64a3e2a5eaae", "fc323ffcaeaed0e0a02bf4d117757b98aed530d9ed4531e3e15460124c106691"]
click = ["0c22a2cd5a1d741e993834df99133de07eff6cc1bf06f137da2c5f3bab9073a6", "678c98275431fad324275dec63791e4a17558b40e5a110e20a82866139a85a5a"]
colorama = ["05eed71e2e327246ad6b38c540c4a3117230b19679b875190486ddd2d721422d", "f8ac84de7840f5b9c4e3347b3c1eaa50f7e49c2b07596221daec5edaabbd7c48"]
idna = ["c357b3f628cf53ae2c4c05627ecc484553142ca23264e593d327bcde5e9c3407", "ea8b7f6188e6fa117537c3df7da9fc686d485087abf6ac197f9c46432f7e4a3c"]
platformio = ["b2182637c790674d8cc1d1bbfea6d075e8784fbaf57f799d369168b4e04d51d2", "eb698b93bfc06010a2a210aacadc5d08efd4f05fe5494eaf171ef54618cead36"]
pyserial = ["6e2d401fdee0eab996cf734e67773a0143b932772ca8b42451440cfed942c627", "e0770fadba80c31013896c7e6ef703f72e7834965954a78e71a3049488d4d7d8"]
requests = ["11e007a8a2aa0323f5a921e9e6a2d7e4e67d9877e85773fba9ba6419025cbeb4", "9cf5292fcd0f598c671cfc1e0d7d1a7f13bb8085e9a590f48c010551dc6c4b31"]
semantic-version = ["2a4328680073e9b243667b201119772aefc5fc63ae32398d6afafff07c4f54c0", "2d06ab7372034bcb8b54f2205370f4aa0643c133b7e6dbd129c5200b83ab394b"]
urllib3 = ["b246607a25ac80bedac05c6f282e3cdaf3afb65420fd024ac94435cabe6e18d1", "dbe59173209418ae49d485b87d1681aefa36252ee85884c31346debd19463232"]
